
Microsoft Visual Studio Solution File, Format Version 12.00
# Visual Studio 15
VisualStudioVersion = 15.0.26730.3
MinimumVisualStudioVersion = 10.0.40219.1
Project("{FAE04EC0-301F-11D3-BF4B-00C04F79EFBC}") = "Razor", "Razor\Razor.csproj", "{705530B2-4B59-48BB-A375-00F0C95CF2A6}"
EndProject
Global
	GlobalSection(SolutionConfigurationPlatforms) = preSolution
		Debug|Any CPU = Debug|Any CPU
		Release|Any CPU = Release|Any CPU
	EndGlobalSection
	GlobalSection(ProjectConfigurationPlatforms) = postSolution
		{705530B2-4B59-48BB-A375-00F0C95CF2A6}.Debug|Any CPU.ActiveCfg = Debug|Any CPU
		{705530B2-4B59-48BB-A375-00F0C95CF2A6}.Debug|Any CPU.Build.0 = Debug|Any CPU
		{705530B2-4B59-48BB-A375-00F0C95CF2A6}.Release|Any CPU.ActiveCfg = Release|Any CPU
		{705530B2-4B59-48BB-A375-00F0C95CF2A6}.Release|Any CPU.Build.0 = Release|Any CPU
	EndGlobalSection
	GlobalSection(SolutionProperties) = preSolution
		HideSolutionNode = FALSE
	EndGlobalSection
	GlobalSection(ExtensibilityGlobals) = postSolution
		SolutionGuid = {2840BB96-B5C6-4797-BC67-DF21E6A908AE}
	EndGlobalSection
EndGlobal
